
Microsoft Visual Studio Solution File, Format Version 11.00
# Visual Studio 2010
Project("{FAE04EC0-301F-11D3-BF4B-00C04F79EFBC}") = "GestoMusic", "GestoMusic\GestoMusic.csproj", "{D693FEAE-6AD8-40B3-BEAB-B96455DA5448}"
EndProject
Project("{FAE04EC0-301F-11D3-BF4B-00C04F79EFBC}") = "UnitTests", "UnitTests\UnitTests.csproj", "{5DF2C1FE-9704-4FBF-827D-EE80E1887B1E}"
EndProject
Project("{2150E333-8FDC-42A3-9474-1A3956D46DE8}") = "Samples", "Samples", "{E4E7DBB2-A7C2-4E26-9EC5-71B48279C2CC}"
	ProjectSection(SolutionItems) = preProject
		Samples\808-clap.wav = Samples\808-clap.wav
	EndProjectSection
EndProject
Global
	GlobalSection(SolutionConfigurationPlatforms) = preSolution
		Debug|Any CPU = Debug|Any CPU
		Release|Any CPU = Release|Any CPU
	EndGlobalSection
	GlobalSection(ProjectConfigurationPlatforms) = postSolution
		{D693FEAE-6AD8-40B3-BEAB-B96455DA5448}.Debug|Any CPU.ActiveCfg = Debug|Any CPU
		{D693FEAE-6AD8-40B3-BEAB-B96455DA5448}.Debug|Any CPU.Build.0 = Debug|Any CPU
		{D693FEAE-6AD8-40B3-BEAB-B96455DA5448}.Release|Any CPU.ActiveCfg = Release|Any CPU
		{D693FEAE-6AD8-40B3-BEAB-B96455DA5448}.Release|Any CPU.Build.0 = Release|Any CPU
		{5DF2C1FE-9704-4FBF-827D-EE80E1887B1E}.Debug|Any CPU.ActiveCfg = Debug|Any CPU
		{5DF2C1FE-9704-4FBF-827D-EE80E1887B1E}.Debug|Any CPU.Build.0 = Debug|Any CPU
		{5DF2C1FE-9704-4FBF-827D-EE80E1887B1E}.Release|Any CPU.ActiveCfg = Release|Any CPU
		{5DF2C1FE-9704-4FBF-827D-EE80E1887B1E}.Release|Any CPU.Build.0 = Release|Any CPU
	EndGlobalSection
	GlobalSection(SolutionProperties) = preSolution
		HideSolutionNode = FALSE
	EndGlobalSection
EndGlobal
